// !$*UTF8*$!
{
	archiveVersion = 1;
	classes = {
	};
	objectVersion = 46;
	objects = {

/* Begin PBXBuildFile section */
		5907A49A1DDBB12E00D0DCD2 /* Matrix.swift in Sources */ = {isa = PBXBuildFile; fileRef = 5907A4991DDBB12E00D0DCD2 /* Matrix.swift */; };
		5907A49C1DDCBA9000D0DCD2 /* GameView.swift in Sources */ = {isa = PBXBuildFile; fileRef = 5907A49B1DDCBA9000D0DCD2 /* GameView.swift */; };
		5907A49E1DDCBB5500D0DCD2 /* StaticGameViewController.swift in Sources */ = {isa = PBXBuildFile; fileRef = 5907A49D1DDCBB5400D0DCD2 /* StaticGameViewController.swift */; };
		5907A4A01DDCBC1C00D0DCD2 /* DynamicGameViewController.swift in Sources */ = {isa = PBXBuildFile; fileRef = 5907A49F1DDCBC1C00D0DCD2 /* DynamicGameViewController.swift */; };
		5907A4A31DDCC03200D0DCD2 /* SIEventCenter.swift in Sources */ = {isa = PBXBuildFile; fileRef = 5907A4A21DDCC03200D0DCD2 /* SIEventCenter.swift */; };
		5907A4A51DDCC33500D0DCD2 /* EventCenter.swift in Sources */ = {isa = PBXBuildFile; fileRef = 5907A4A41DDCC33500D0DCD2 /* EventCenter.swift */; };
		5908A8A61DC62E5300D58F6A /* SIMatrix.swift in Sources */ = {isa = PBXBuildFile; fileRef = 5908A8A51DC62E5300D58F6A /* SIMatrix.swift */; };
		5908A8A81DC62F3C00D58F6A /* Randomizer.swift in Sources */ = {isa = PBXBuildFile; fileRef = 5908A8A71DC62F3C00D58F6A /* Randomizer.swift */; };
		5908A8AA1DC63A2C00D58F6A /* Screen.swift in Sources */ = {isa = PBXBuildFile; fileRef = 5908A8A91DC63A2C00D58F6A /* Screen.swift */; };
		5908A8AC1DC63CC600D58F6A /* CGSize.swift in Sources */ = {isa = PBXBuildFile; fileRef = 5908A8AB1DC63CC600D58F6A /* CGSize.swift */; };
		5908A8AE1DC64C9300D58F6A /* GameMap.swift in Sources */ = {isa = PBXBuildFile; fileRef = 5908A8AD1DC64C9300D58F6A /* GameMap.swift */; };
		591B50CB1DCD8F4000178655 /* Figure.swift in Sources */ = {isa = PBXBuildFile; fileRef = 591B50CA1DCD8F4000178655 /* Figure.swift */; };
		592B93BF1DCDEA320018B161 /* CAMediaTimingFunction.swift in Sources */ = {isa = PBXBuildFile; fileRef = 592B93BE1DCDEA320018B161 /* CAMediaTimingFunction.swift */; };
		592CBC781DC57C8300B84F3E /* AppDelegate.swift in Sources */ = {isa = PBXBuildFile; fileRef = 592CBC771DC57C8300B84F3E /* AppDelegate.swift */; };
		592CBC7A1DC57C8300B84F3E /* GameViewController.swift in Sources */ = {isa = PBXBuildFile; fileRef = 592CBC791DC57C8300B84F3E /* GameViewController.swift */; };
		592CBC7F1DC57C8300B84F3E /* Assets.xcassets in Resources */ = {isa = PBXBuildFile; fileRef = 592CBC7E1DC57C8300B84F3E /* Assets.xcassets */; };
		592CBC821DC57C8300B84F3E /* LaunchScreen.storyboard in Resources */ = {isa = PBXBuildFile; fileRef = 592CBC801DC57C8300B84F3E /* LaunchScreen.storyboard */; };
		592CBC8A1DC57DB000B84F3E /* StaticGameView.swift in Sources */ = {isa = PBXBuildFile; fileRef = 592CBC891DC57DB000B84F3E /* StaticGameView.swift */; };
		5951192A1DC5867000686E89 /* UIView.swift in Sources */ = {isa = PBXBuildFile; fileRef = 595119291DC5867000686E89 /* UIView.swift */; };
		5983DA381DC69BE6007C9D19 /* EdgeView.swift in Sources */ = {isa = PBXBuildFile; fileRef = 5983DA371DC69BE6007C9D19 /* EdgeView.swift */; };
		5983DA3B1DC6BC01007C9D19 /* Style.swift in Sources */ = {isa = PBXBuildFile; fileRef = 5983DA3A1DC6BC01007C9D19 /* Style.swift */; };
		5983DA3D1DC6BD80007C9D19 /* Array.swift in Sources */ = {isa = PBXBuildFile; fileRef = 5983DA3C1DC6BD80007C9D19 /* Array.swift */; };
		59A4D7B71DDCEB63009B26FB /* SIViewController.swift in Sources */ = {isa = PBXBuildFile; fileRef = 59A4D7B61DDCEB63009B26FB /* SIViewController.swift */; };
		59A4D7EF1DDDF8BD009B26FB /* AnimatedFigureViewDelegate.swift in Sources */ = {isa = PBXBuildFile; fileRef = 59A4D7EE1DDDF8BD009B26FB /* AnimatedFigureViewDelegate.swift */; };
		59A4D7F11DDDF975009B26FB /* AnimatedFigureView.swift in Sources */ = {isa = PBXBuildFile; fileRef = 59A4D7F01DDDF975009B26FB /* AnimatedFigureView.swift */; };
		59A4D7F31DDDF9DB009B26FB /* SIView.swift in Sources */ = {isa = PBXBuildFile; fileRef = 59A4D7F21DDDF9DB009B26FB /* SIView.swift */; };
		59A700211DC6D09A007E2332 /* Animations.swift in Sources */ = {isa = PBXBuildFile; fileRef = 59A700201DC6D09A007E2332 /* Animations.swift */; };
		59A700281DC79FB6007E2332 /* ViewInterfaceSetter.swift in Sources */ = {isa = PBXBuildFile; fileRef = 59A700271DC79FB5007E2332 /* ViewInterfaceSetter.swift */; };
		59A7002A1DC80879007E2332 /* NodeView.swift in Sources */ = {isa = PBXBuildFile; fileRef = 59A700291DC80879007E2332 /* NodeView.swift */; };
		59BD1E961DD0E853004C3638 /* FigureView.swift in Sources */ = {isa = PBXBuildFile; fileRef = 59BD1E951DD0E853004C3638 /* FigureView.swift */; };
		59BD1E981DD0F913004C3638 /* DynamicGameView.swift in Sources */ = {isa = PBXBuildFile; fileRef = 59BD1E971DD0F913004C3638 /* DynamicGameView.swift */; };
		59BD1E9A1DD10784004C3638 /* KFTimer.swift in Sources */ = {isa = PBXBuildFile; fileRef = 59BD1E991DD10784004C3638 /* KFTimer.swift */; };
		59BD1E9C1DD37D91004C3638 /* Queue.swift in Sources */ = {isa = PBXBuildFile; fileRef = 59BD1E9B1DD37D91004C3638 /* Queue.swift */; };
/* End PBXBuildFile section */

/* Begin PBXFileReference section */
		5907A4991DDBB12E00D0DCD2 /* Matrix.swift */ = {isa = PBXFileReference; fileEncoding = 4; lastKnownFileType = sourcecode.swift; path = Matrix.swift; sourceTree = "<group>"; };
		5907A49B1DDCBA9000D0DCD2 /* GameView.swift */ = {isa = PBXFileReference; fileEncoding = 4; lastKnownFileType = sourcecode.swift; path = GameView.swift; sourceTree = "<group>"; };
		5907A49D1DDCBB5400D0DCD2 /* StaticGameViewController.swift */ = {isa = PBXFileReference; fileEncoding = 4; lastKnownFileType = sourcecode.swift; path = StaticGameViewController.swift; sourceTree = "<group>"; };
		5907A49F1DDCBC1C00D0DCD2 /* DynamicGameViewController.swift */ = {isa = PBXFileReference; fileEncoding = 4; lastKnownFileType = sourcecode.swift; path = DynamicGameViewController.swift; sourceTree = "<group>"; };
		5907A4A21DDCC03200D0DCD2 /* SIEventCenter.swift */ = {isa = PBXFileReference; fileEncoding = 4; lastKnownFileType = sourcecode.swift; path = SIEventCenter.swift; sourceTree = "<group>"; };
		5907A4A41DDCC33500D0DCD2 /* EventCenter.swift */ = {isa = PBXFileReference; fileEncoding = 4; lastKnownFileType = sourcecode.swift; path = EventCenter.swift; sourceTree = "<group>"; };
		5908A8A51DC62E5300D58F6A /* SIMatrix.swift */ = {isa = PBXFileReference; fileEncoding = 4; lastKnownFileType = sourcecode.swift; path = SIMatrix.swift; sourceTree = "<group>"; };
		5908A8A71DC62F3C00D58F6A /* Randomizer.swift */ = {isa = PBXFileReference; fileEncoding = 4; lastKnownFileType = sourcecode.swift; path = Randomizer.swift; sourceTree = "<group>"; };
		5908A8A91DC63A2C00D58F6A /* Screen.swift */ = {isa = PBXFileReference; fileEncoding = 4; lastKnownFileType = sourcecode.swift; path = Screen.swift; sourceTree = "<group>"; };
		5908A8AB1DC63CC600D58F6A /* CGSize.swift */ = {isa = PBXFileReference; fileEncoding = 4; lastKnownFileType = sourcecode.swift; name = CGSize.swift; path = ShapeIt/CGSize.swift; sourceTree = "<group>"; };
		5908A8AD1DC64C9300D58F6A /* GameMap.swift */ = {isa = PBXFileReference; fileEncoding = 4; lastKnownFileType = sourcecode.swift; path = GameMap.swift; sourceTree = "<group>"; };
		591B50CA1DCD8F4000178655 /* Figure.swift */ = {isa = PBXFileReference; fileEncoding = 4; lastKnownFileType = sourcecode.swift; path = Figure.swift; sourceTree = "<group>"; };
		592B93BE1DCDEA320018B161 /* CAMediaTimingFunction.swift */ = {isa = PBXFileReference; fileEncoding = 4; lastKnownFileType = sourcecode.swift; name = CAMediaTimingFunction.swift; path = ShapeIt/CAMediaTimingFunction.swift; sourceTree = "<group>"; };
		592CBC741DC57C8300B84F3E /* ShapeIt.app */ = {isa = PBXFileReference; explicitFileType = wrapper.application; includeInIndex = 0; path = ShapeIt.app; sourceTree = BUILT_PRODUCTS_DIR; };
		592CBC771DC57C8300B84F3E /* AppDelegate.swift */ = {isa = PBXFileReference; lastKnownFileType = sourcecode.swift; path = AppDelegate.swift; sourceTree = "<group>"; };
		592CBC791DC57C8300B84F3E /* GameViewController.swift */ = {isa = PBXFileReference; lastKnownFileType = sourcecode.swift; path = GameViewController.swift; sourceTree = "<group>"; };
		592CBC7E1DC57C8300B84F3E /* Assets.xcassets */ = {isa = PBXFileReference; lastKnownFileType = folder.assetcatalog; path = Assets.xcassets; sourceTree = "<group>"; };
		592CBC811DC57C8300B84F3E /* Base */ = {isa = PBXFileReference; lastKnownFileType = file.storyboard; name = Base; path = Base.lproj/LaunchScreen.storyboard; sourceTree = "<group>"; };
		592CBC831DC57C8300B84F3E /* Info.plist */ = {isa = PBXFileReference; lastKnownFileType = text.plist.xml; path = Info.plist; sourceTree = "<group>"; };
		592CBC891DC57DB000B84F3E /* StaticGameView.swift */ = {isa = PBXFileReference; fileEncoding = 4; lastKnownFileType = sourcecode.swift; path = StaticGameView.swift; sourceTree = "<group>"; };
		595119291DC5867000686E89 /* UIView.swift */ = {isa = PBXFileReference; fileEncoding = 4; lastKnownFileType = sourcecode.swift; name = UIView.swift; path = ShapeIt/UIView.swift; sourceTree = "<group>"; };
		5983DA371DC69BE6007C9D19 /* EdgeView.swift */ = {isa = PBXFileReference; fileEncoding = 4; lastKnownFileType = sourcecode.swift; path = EdgeView.swift; sourceTree = "<group>"; };
		5983DA3A1DC6BC01007C9D19 /* Style.swift */ = {isa = PBXFileReference; fileEncoding = 4; lastKnownFileType = sourcecode.swift; path = Style.swift; sourceTree = "<group>"; };
		5983DA3C1DC6BD80007C9D19 /* Array.swift */ = {isa = PBXFileReference; fileEncoding = 4; lastKnownFileType = sourcecode.swift; name = Array.swift; path = ShapeIt/Array.swift; sourceTree = "<group>"; };
		59A4D7B61DDCEB63009B26FB /* SIViewController.swift */ = {isa = PBXFileReference; fileEncoding = 4; lastKnownFileType = sourcecode.swift; path = SIViewController.swift; sourceTree = "<group>"; };
		59A4D7EE1DDDF8BD009B26FB /* AnimatedFigureViewDelegate.swift */ = {isa = PBXFileReference; fileEncoding = 4; lastKnownFileType = sourcecode.swift; path = AnimatedFigureViewDelegate.swift; sourceTree = "<group>"; };
		59A4D7F01DDDF975009B26FB /* AnimatedFigureView.swift */ = {isa = PBXFileReference; fileEncoding = 4; lastKnownFileType = sourcecode.swift; path = AnimatedFigureView.swift; sourceTree = "<group>"; };
		59A4D7F21DDDF9DB009B26FB /* SIView.swift */ = {isa = PBXFileReference; fileEncoding = 4; lastKnownFileType = sourcecode.swift; path = SIView.swift; sourceTree = "<group>"; };
		59A700201DC6D09A007E2332 /* Animations.swift */ = {isa = PBXFileReference; fileEncoding = 4; lastKnownFileType = sourcecode.swift; path = Animations.swift; sourceTree = "<group>"; };
		59A700271DC79FB5007E2332 /* ViewInterfaceSetter.swift */ = {isa = PBXFileReference; fileEncoding = 4; lastKnownFileType = sourcecode.swift; path = ViewInterfaceSetter.swift; sourceTree = "<group>"; };
		59A700291DC80879007E2332 /* NodeView.swift */ = {isa = PBXFileReference; fileEncoding = 4; lastKnownFileType = sourcecode.swift; path = NodeView.swift; sourceTree = "<group>"; };
		59BD1E951DD0E853004C3638 /* FigureView.swift */ = {isa = PBXFileReference; fileEncoding = 4; lastKnownFileType = sourcecode.swift; path = FigureView.swift; sourceTree = "<group>"; };
		59BD1E971DD0F913004C3638 /* DynamicGameView.swift */ = {isa = PBXFileReference; fileEncoding = 4; lastKnownFileType = sourcecode.swift; path = DynamicGameView.swift; sourceTree = "<group>"; };
		59BD1E991DD10784004C3638 /* KFTimer.swift */ = {isa = PBXFileReference; fileEncoding = 4; lastKnownFileType = sourcecode.swift; path = KFTimer.swift; sourceTree = "<group>"; };
		59BD1E9B1DD37D91004C3638 /* Queue.swift */ = {isa = PBXFileReference; fileEncoding = 4; lastKnownFileType = sourcecode.swift; path = Queue.swift; sourceTree = "<group>"; };
/* End PBXFileReference section */

/* Begin PBXFrameworksBuildPhase section */
		592CBC711DC57C8300B84F3E /* Frameworks */ = {
			isa = PBXFrameworksBuildPhase;
			buildActionMask = 2147483647;
			files = (
			);
			runOnlyForDeploymentPostprocessing = 0;
		};
/* End PBXFrameworksBuildPhase section */

/* Begin PBXGroup section */
		5907A4A11DDCBC8900D0DCD2 /* VC & Views */ = {
			isa = PBXGroup;
			children = (
				592CBC791DC57C8300B84F3E /* GameViewController.swift */,
				5907A49B1DDCBA9000D0DCD2 /* GameView.swift */,
				5907A49F1DDCBC1C00D0DCD2 /* DynamicGameViewController.swift */,
				59BD1E971DD0F913004C3638 /* DynamicGameView.swift */,
				5907A49D1DDCBB5400D0DCD2 /* StaticGameViewController.swift */,
				592CBC891DC57DB000B84F3E /* StaticGameView.swift */,
			);
			name = "VC & Views";
			sourceTree = "<group>";
		};
		5908A8B11DC65A8C00D58F6A /* Helper Classes */ = {
			isa = PBXGroup;
			children = (
				5908A8A91DC63A2C00D58F6A /* Screen.swift */,
				5908A8A71DC62F3C00D58F6A /* Randomizer.swift */,
				5908A8A51DC62E5300D58F6A /* SIMatrix.swift */,
				5983DA3A1DC6BC01007C9D19 /* Style.swift */,
				59A700201DC6D09A007E2332 /* Animations.swift */,
				59BD1E991DD10784004C3638 /* KFTimer.swift */,
				59BD1E9B1DD37D91004C3638 /* Queue.swift */,
				5907A4991DDBB12E00D0DCD2 /* Matrix.swift */,
				5907A4A21DDCC03200D0DCD2 /* SIEventCenter.swift */,
			);
			name = "Helper Classes";
			sourceTree = "<group>";
		};
		592CBC6B1DC57C8300B84F3E = {
			isa = PBXGroup;
			children = (
				592CBC761DC57C8300B84F3E /* ShapeIt */,
				592CBC751DC57C8300B84F3E /* Products */,
			);
			sourceTree = "<group>";
		};
		592CBC751DC57C8300B84F3E /* Products */ = {
			isa = PBXGroup;
			children = (
				592CBC741DC57C8300B84F3E /* ShapeIt.app */,
			);
			name = Products;
			sourceTree = "<group>";
		};
		592CBC761DC57C8300B84F3E /* ShapeIt */ = {
			isa = PBXGroup;
			children = (
				5907A4A11DDCBC8900D0DCD2 /* VC & Views */,
				59A700251DC79D0B007E2332 /* Custom UI */,
				59A700241DC79CEF007E2332 /* Game Space */,
				5908A8B11DC65A8C00D58F6A /* Helper Classes */,
				59A700261DC79F31007E2332 /* Global Protocols */,
				5951192B1DC586B800686E89 /* Extensions */,
				5983DA391DC69E37007C9D19 /* Support Files */,
				59A4D80E1DDE885B009B26FB /* Assets */,
			);
			path = ShapeIt;
			sourceTree = "<group>";
		};
		5951192B1DC586B800686E89 /* Extensions */ = {
			isa = PBXGroup;
			children = (
				5983DA3C1DC6BD80007C9D19 /* Array.swift */,
				595119291DC5867000686E89 /* UIView.swift */,
				5908A8AB1DC63CC600D58F6A /* CGSize.swift */,
				592B93BE1DCDEA320018B161 /* CAMediaTimingFunction.swift */,
			);
			name = Extensions;
			path = ..;
			sourceTree = "<group>";
		};
		5983DA391DC69E37007C9D19 /* Support Files */ = {
			isa = PBXGroup;
			children = (
				592CBC771DC57C8300B84F3E /* AppDelegate.swift */,
				592CBC801DC57C8300B84F3E /* LaunchScreen.storyboard */,
				592CBC831DC57C8300B84F3E /* Info.plist */,
			);
			name = "Support Files";
			sourceTree = "<group>";
		};
		59A4D80E1DDE885B009B26FB /* Assets */ = {
			isa = PBXGroup;
			children = (
				592CBC7E1DC57C8300B84F3E /* Assets.xcassets */,
			);
			name = Assets;
			sourceTree = "<group>";
		};
		59A700241DC79CEF007E2332 /* Game Space */ = {
			isa = PBXGroup;
			children = (
				5908A8AD1DC64C9300D58F6A /* GameMap.swift */,
				591B50CA1DCD8F4000178655 /* Figure.swift */,
			);
			name = "Game Space";
			sourceTree = "<group>";
		};
		59A700251DC79D0B007E2332 /* Custom UI */ = {
			isa = PBXGroup;
			children = (
				59BD1E951DD0E853004C3638 /* FigureView.swift */,
				59A4D7F01DDDF975009B26FB /* AnimatedFigureView.swift */,
				5983DA371DC69BE6007C9D19 /* EdgeView.swift */,
				59A700291DC80879007E2332 /* NodeView.swift */,
				59A4D7B61DDCEB63009B26FB /* SIViewController.swift */,
				59A4D7F21DDDF9DB009B26FB /* SIView.swift */,
			);
			name = "Custom UI";
			sourceTree = "<group>";
		};
		59A700261DC79F31007E2332 /* Global Protocols */ = {
			isa = PBXGroup;
			children = (
				59A700271DC79FB5007E2332 /* ViewInterfaceSetter.swift */,
				5907A4A41DDCC33500D0DCD2 /* EventCenter.swift */,
				59A4D7EE1DDDF8BD009B26FB /* AnimatedFigureViewDelegate.swift */,
			);
			name = "Global Protocols";
			sourceTree = "<group>";
		};
/* End PBXGroup section */

/* Begin PBXNativeTarget section */
		592CBC731DC57C8300B84F3E /* ShapeIt */ = {
			isa = PBXNativeTarget;
			buildConfigurationList = 592CBC861DC57C8300B84F3E /* Build configuration list for PBXNativeTarget "ShapeIt" */;
			buildPhases = (
				592CBC701DC57C8300B84F3E /* Sources */,
				592CBC711DC57C8300B84F3E /* Frameworks */,
				592CBC721DC57C8300B84F3E /* Resources */,
			);
			buildRules = (
			);
			dependencies = (
			);
			name = ShapeIt;
			productName = ShapeIt;
			productReference = 592CBC741DC57C8300B84F3E /* ShapeIt.app */;
			productType = "com.apple.product-type.application";
		};
/* End PBXNativeTarget section */

/* Begin PBXProject section */
		592CBC6C1DC57C8300B84F3E /* Project object */ = {
			isa = PBXProject;
			attributes = {
				LastSwiftUpdateCheck = 0810;
				LastUpgradeCheck = 0810;
				ORGANIZATIONNAME = "Anthony Latsis";
				TargetAttributes = {
					592CBC731DC57C8300B84F3E = {
						CreatedOnToolsVersion = 8.1;
						DevelopmentTeam = A55978949T;
						ProvisioningStyle = Automatic;
					};
				};
			};
			buildConfigurationList = 592CBC6F1DC57C8300B84F3E /* Build configuration list for PBXProject "ShapeIt" */;
			compatibilityVersion = "Xcode 3.2";
			developmentRegion = English;
			hasScannedForEncodings = 0;
			knownRegions = (
				en,
				Base,
			);
			mainGroup = 592CBC6B1DC57C8300B84F3E;
			productRefGroup = 592CBC751DC57C8300B84F3E /* Products */;
			projectDirPath = "";
			projectRoot = "";
			targets = (
				592CBC731DC57C8300B84F3E /* ShapeIt */,
			);
		};
/* End PBXProject section */

/* Begin PBXResourcesBuildPhase section */
		592CBC721DC57C8300B84F3E /* Resources */ = {
			isa = PBXResourcesBuildPhase;
			buildActionMask = 2147483647;
			files = (
				592CBC821DC57C8300B84F3E /* LaunchScreen.storyboard in Resources */,
				592CBC7F1DC57C8300B84F3E /* Assets.xcassets in Resources */,
			);
			runOnlyForDeploymentPostprocessing = 0;
		};
/* End PBXResourcesBuildPhase section */

/* Begin PBXSourcesBuildPhase section */
		592CBC701DC57C8300B84F3E /* Sources */ = {
			isa = PBXSourcesBuildPhase;
			buildActionMask = 2147483647;
			files = (
				5951192A1DC5867000686E89 /* UIView.swift in Sources */,
				59BD1E9C1DD37D91004C3638 /* Queue.swift in Sources */,
				5907A49E1DDCBB5500D0DCD2 /* StaticGameViewController.swift in Sources */,
				59A4D7F11DDDF975009B26FB /* AnimatedFigureView.swift in Sources */,
				592CBC7A1DC57C8300B84F3E /* GameViewController.swift in Sources */,
				59A4D7B71DDCEB63009B26FB /* SIViewController.swift in Sources */,
				592B93BF1DCDEA320018B161 /* CAMediaTimingFunction.swift in Sources */,
				59BD1E981DD0F913004C3638 /* DynamicGameView.swift in Sources */,
				5908A8A61DC62E5300D58F6A /* SIMatrix.swift in Sources */,
				59BD1E961DD0E853004C3638 /* FigureView.swift in Sources */,
				59A7002A1DC80879007E2332 /* NodeView.swift in Sources */,
				591B50CB1DCD8F4000178655 /* Figure.swift in Sources */,
				592CBC8A1DC57DB000B84F3E /* StaticGameView.swift in Sources */,
				5908A8AE1DC64C9300D58F6A /* GameMap.swift in Sources */,
				5907A4A51DDCC33500D0DCD2 /* EventCenter.swift in Sources */,
				5983DA3B1DC6BC01007C9D19 /* Style.swift in Sources */,
				5907A49C1DDCBA9000D0DCD2 /* GameView.swift in Sources */,
				5907A4A01DDCBC1C00D0DCD2 /* DynamicGameViewController.swift in Sources */,
				592CBC781DC57C8300B84F3E /* AppDelegate.swift in Sources */,
				59A700211DC6D09A007E2332 /* Animations.swift in Sources */,
				59A4D7EF1DDDF8BD009B26FB /* AnimatedFigureViewDelegate.swift in Sources */,
				5908A8A81DC62F3C00D58F6A /* Randomizer.swift in Sources */,
				5983DA3D1DC6BD80007C9D19 /* Array.swift in Sources */,
				5907A49A1DDBB12E00D0DCD2 /* Matrix.swift in Sources */,
				5983DA381DC69BE6007C9D19 /* EdgeView.swift in Sources */,
				5907A4A31DDCC03200D0DCD2 /* SIEventCenter.swift in Sources */,
				59A700281DC79FB6007E2332 /* ViewInterfaceSetter.swift in Sources */,
				5908A8AC1DC63CC600D58F6A /* CGSize.swift in Sources */,
				59BD1E9A1DD10784004C3638 /* KFTimer.swift in Sources */,
				5908A8AA1DC63A2C00D58F6A /* Screen.swift in Sources */,
				59A4D7F31DDDF9DB009B26FB /* SIView.swift in Sources */,
			);
			runOnlyForDeploymentPostprocessing = 0;
		};
/* End PBXSourcesBuildPhase section */

/* Begin PBXVariantGroup section */
		592CBC801DC57C8300B84F3E /* LaunchScreen.storyboard */ = {
			isa = PBXVariantGroup;
			children = (
				592CBC811DC57C8300B84F3E /* Base */,
			);
			name = LaunchScreen.storyboard;
			sourceTree = "<group>";
		};
/* End PBXVariantGroup section */

/* Begin XCBuildConfiguration section */
		592CBC841DC57C8300B84F3E /* Debug */ = {
			isa = XCBuildConfiguration;
			buildSettings = {
				ALWAYS_SEARCH_USER_PATHS = NO;
				CLANG_ANALYZER_NONNULL = YES;
				CLANG_CXX_LANGUAGE_STANDARD = "gnu++0x";
				CLANG_CXX_LIBRARY = "libc++";
				CLANG_ENABLE_MODULES = YES;
				CLANG_ENABLE_OBJC_ARC = YES;
				CLANG_WARN_BOOL_CONVERSION = YES;
				CLANG_WARN_CONSTANT_CONVERSION = YES;
				CLANG_WARN_DIRECT_OBJC_ISA_USAGE = YES_ERROR;
				CLANG_WARN_DOCUMENTATION_COMMENTS = YES;
				CLANG_WARN_EMPTY_BODY = YES;
				CLANG_WARN_ENUM_CONVERSION = YES;
				CLANG_WARN_INFINITE_RECURSION = YES;
				CLANG_WARN_INT_CONVERSION = YES;
				CLANG_WARN_OBJC_ROOT_CLASS = YES_ERROR;
				CLANG_WARN_SUSPICIOUS_MOVES = YES;
				CLANG_WARN_UNREACHABLE_CODE = YES;
				CLANG_WARN__DUPLICATE_METHOD_MATCH = YES;
				"CODE_SIGN_IDENTITY[sdk=iphoneos*]" = "iPhone Developer";
				COPY_PHASE_STRIP = NO;
				DEBUG_INFORMATION_FORMAT = dwarf;
				ENABLE_STRICT_OBJC_MSGSEND = YES;
				ENABLE_TESTABILITY = YES;
				GCC_C_LANGUAGE_STANDARD = gnu99;
				GCC_DYNAMIC_NO_PIC = NO;
				GCC_NO_COMMON_BLOCKS = YES;
				GCC_OPTIMIZATION_LEVEL = 0;
				GCC_PREPROCESSOR_DEFINITIONS = (
					"DEBUG=1",
					"$(inherited)",
				);
				GCC_WARN_64_TO_32_BIT_CONVERSION = YES;
				GCC_WARN_ABOUT_RETURN_TYPE = YES_ERROR;
				GCC_WARN_UNDECLARED_SELECTOR = YES;
				GCC_WARN_UNINITIALIZED_AUTOS = YES_AGGRESSIVE;
				GCC_WARN_UNUSED_FUNCTION = YES;
				GCC_WARN_UNUSED_VARIABLE = YES;
				IPHONEOS_DEPLOYMENT_TARGET = 10.1;
				MTL_ENABLE_DEBUG_INFO = YES;
				ONLY_ACTIVE_ARCH = YES;
				SDKROOT = iphoneos;
				SWIFT_ACTIVE_COMPILATION_CONDITIONS = DEBUG;
				SWIFT_OPTIMIZATION_LEVEL = "-Onone";
			};
			name = Debug;
		};
		592CBC851DC57C8300B84F3E /* Release */ = {
			isa = XCBuildConfiguration;
			buildSettings = {
				ALWAYS_SEARCH_USER_PATHS = NO;
				CLANG_ANALYZER_NONNULL = YES;
				CLANG_CXX_LANGUAGE_STANDARD = "gnu++0x";
				CLANG_CXX_LIBRARY = "libc++";
				CLANG_ENABLE_MODULES = YES;
				CLANG_ENABLE_OBJC_ARC = YES;
				CLANG_WARN_BOOL_CONVERSION = YES;
				CLANG_WARN_CONSTANT_CONVERSION = YES;
				CLANG_WARN_DIRECT_OBJC_ISA_USAGE = YES_ERROR;
				CLANG_WARN_DOCUMENTATION_COMMENTS = YES;
				CLANG_WARN_EMPTY_BODY = YES;
				CLANG_WARN_ENUM_CONVERSION = YES;
				CLANG_WARN_INFINITE_RECURSION = YES;
				CLANG_WARN_INT_CONVERSION = YES;
				CLANG_WARN_OBJC_ROOT_CLASS = YES_ERROR;
				CLANG_WARN_SUSPICIOUS_MOVES = YES;
				CLANG_WARN_UNREACHABLE_CODE = YES;
				CLANG_WARN__DUPLICATE_METHOD_MATCH = YES;
				"CODE_SIGN_IDENTITY[sdk=iphoneos*]" = "iPhone Developer";
				COPY_PHASE_STRIP = NO;
				DEBUG_INFORMATION_FORMAT = "dwarf-with-dsym";
				ENABLE_NS_ASSERTIONS = NO;
				ENABLE_STRICT_OBJC_MSGSEND = YES;
				GCC_C_LANGUAGE_STANDARD = gnu99;
				GCC_NO_COMMON_BLOCKS = YES;
				GCC_WARN_64_TO_32_BIT_CONVERSION = YES;
				GCC_WARN_ABOUT_RETURN_TYPE = YES_ERROR;
				GCC_WARN_UNDECLARED_SELECTOR = YES;
				GCC_WARN_UNINITIALIZED_AUTOS = YES_AGGRESSIVE;
				GCC_WARN_UNUSED_FUNCTION = YES;
				GCC_WARN_UNUSED_VARIABLE = YES;
				IPHONEOS_DEPLOYMENT_TARGET = 10.1;
				MTL_ENABLE_DEBUG_INFO = NO;
				SDKROOT = iphoneos;
				SWIFT_OPTIMIZATION_LEVEL = "-Owholemodule";
				VALIDATE_PRODUCT = YES;
			};
			name = Release;
		};
		592CBC871DC57C8300B84F3E /* Debug */ = {
			isa = XCBuildConfiguration;
			buildSettings = {
				ASSETCATALOG_COMPILER_APPICON_NAME = AppIcon;
				DEVELOPMENT_TEAM = A55978949T;
				INFOPLIST_FILE = ShapeIt/Info.plist;
				LD_RUNPATH_SEARCH_PATHS = "$(inherited) @executable_path/Frameworks";
				PRODUCT_BUNDLE_IDENTIFIER = none.ShapeIt;
				PRODUCT_NAME = "$(TARGET_NAME)";
				SWIFT_VERSION = 3.0;
			};
			name = Debug;
		};
		592CBC881DC57C8300B84F3E /* Release */ = {
			isa = XCBuildConfiguration;
			buildSettings = {
				ASSETCATALOG_COMPILER_APPICON_NAME = AppIcon;
				DEVELOPMENT_TEAM = A55978949T;
				INFOPLIST_FILE = ShapeIt/Info.plist;
				LD_RUNPATH_SEARCH_PATHS = "$(inherited) @executable_path/Frameworks";
				PRODUCT_BUNDLE_IDENTIFIER = none.ShapeIt;
				PRODUCT_NAME = "$(TARGET_NAME)";
				SWIFT_VERSION = 3.0;
			};
			name = Release;
		};
/* End XCBuildConfiguration section */

/* Begin XCConfigurationList section */
		592CBC6F1DC57C8300B84F3E /* Build configuration list for PBXProject "ShapeIt" */ = {
			isa = XCConfigurationList;
			buildConfigurations = (
				592CBC841DC57C8300B84F3E /* Debug */,
				592CBC851DC57C8300B84F3E /* Release */,
			);
			defaultConfigurationIsVisible = 0;
			defaultConfigurationName = Release;
		};
		592CBC861DC57C8300B84F3E /* Build configuration list for PBXNativeTarget "ShapeIt" */ = {
			isa = XCConfigurationList;
			buildConfigurations = (
				592CBC871DC57C8300B84F3E /* Debug */,
				592CBC881DC57C8300B84F3E /* Release */,
			);
			defaultConfigurationIsVisible = 0;
			defaultConfigurationName = Release;
		};
/* End XCConfigurationList section */
	};
	rootObject = 592CBC6C1DC57C8300B84F3E /* Project object */;
}
