// !$*UTF8*$!
{
	archiveVersion = 1;
	classes = {
	};
	objectVersion = 46;
	objects = {

/* Begin PBXBuildFile section */
		5918D4F31DE2A7CF0096A8D7 /* CGPoint.swift in Sources */ = {isa = PBXBuildFile; fileRef = 5918D4F21DE2A7CF0096A8D7 /* CGPoint.swift */; };
		5918D4F51DE42D510096A8D7 /* DynamicGameScene.swift in Sources */ = {isa = PBXBuildFile; fileRef = 5918D4F41DE42D510096A8D7 /* DynamicGameScene.swift */; };
		594BDD4F1DE2612300A2CDDB /* AppDelegate.swift in Sources */ = {isa = PBXBuildFile; fileRef = 594BDD4E1DE2612300A2CDDB /* AppDelegate.swift */; };
		594BDD551DE2612300A2CDDB /* StaticGameScene.swift in Sources */ = {isa = PBXBuildFile; fileRef = 594BDD541DE2612300A2CDDB /* StaticGameScene.swift */; };
		594BDD571DE2612300A2CDDB /* GameViewController.swift in Sources */ = {isa = PBXBuildFile; fileRef = 594BDD561DE2612300A2CDDB /* GameViewController.swift */; };
		594BDD5C1DE2612400A2CDDB /* Assets.xcassets in Resources */ = {isa = PBXBuildFile; fileRef = 594BDD5B1DE2612400A2CDDB /* Assets.xcassets */; };
		594BDD5F1DE2612400A2CDDB /* LaunchScreen.storyboard in Resources */ = {isa = PBXBuildFile; fileRef = 594BDD5D1DE2612400A2CDDB /* LaunchScreen.storyboard */; };
		594BDD6B1DE26B6D00A2CDDB /* StickNode.swift in Sources */ = {isa = PBXBuildFile; fileRef = 594BDD6A1DE26B6D00A2CDDB /* StickNode.swift */; };
		594BDD6E1DE26FDC00A2CDDB /* CGRect.swift in Sources */ = {isa = PBXBuildFile; fileRef = 594BDD6C1DE26FDC00A2CDDB /* CGRect.swift */; };
		594BDD6F1DE26FDC00A2CDDB /* CGSize.swift in Sources */ = {isa = PBXBuildFile; fileRef = 594BDD6D1DE26FDC00A2CDDB /* CGSize.swift */; };
		594BDD7C1DE2712D00A2CDDB /* Figure.swift in Sources */ = {isa = PBXBuildFile; fileRef = 594BDD731DE2712C00A2CDDB /* Figure.swift */; };
		594BDD7D1DE2712D00A2CDDB /* GameMap.swift in Sources */ = {isa = PBXBuildFile; fileRef = 594BDD741DE2712C00A2CDDB /* GameMap.swift */; };
		594BDD7E1DE2712D00A2CDDB /* Matrix.swift in Sources */ = {isa = PBXBuildFile; fileRef = 594BDD751DE2712C00A2CDDB /* Matrix.swift */; };
		594BDD7F1DE2712D00A2CDDB /* Queue.swift in Sources */ = {isa = PBXBuildFile; fileRef = 594BDD761DE2712D00A2CDDB /* Queue.swift */; };
		594BDD801DE2712D00A2CDDB /* Randomizer.swift in Sources */ = {isa = PBXBuildFile; fileRef = 594BDD771DE2712D00A2CDDB /* Randomizer.swift */; };
		594BDD811DE2712D00A2CDDB /* Screen.swift in Sources */ = {isa = PBXBuildFile; fileRef = 594BDD781DE2712D00A2CDDB /* Screen.swift */; };
		594BDD821DE2712D00A2CDDB /* Events.swift in Sources */ = {isa = PBXBuildFile; fileRef = 594BDD791DE2712D00A2CDDB /* Events.swift */; };
		594BDD831DE2712D00A2CDDB /* SIMatrix.swift in Sources */ = {isa = PBXBuildFile; fileRef = 594BDD7A1DE2712D00A2CDDB /* SIMatrix.swift */; };
		594BDD871DE2752600A2CDDB /* Style.swift in Sources */ = {isa = PBXBuildFile; fileRef = 594BDD861DE2752600A2CDDB /* Style.swift */; };
		594BDD8D1DE2771400A2CDDB /* FigureNode.swift in Sources */ = {isa = PBXBuildFile; fileRef = 594BDD8C1DE2771400A2CDDB /* FigureNode.swift */; };
		594BDD8F1DE278BB00A2CDDB /* Array.swift in Sources */ = {isa = PBXBuildFile; fileRef = 594BDD8E1DE278BB00A2CDDB /* Array.swift */; };
		59C340A21DE5CAAE003C166F /* bubbleboddy Fat.ttf in Resources */ = {isa = PBXBuildFile; fileRef = 59C340A01DE5CAAE003C166F /* bubbleboddy Fat.ttf */; };
		59C340A31DE5CAAE003C166F /* bubbleboddy light Light.ttf in Resources */ = {isa = PBXBuildFile; fileRef = 59C340A11DE5CAAE003C166F /* bubbleboddy light Light.ttf */; };
/* End PBXBuildFile section */

/* Begin PBXFileReference section */
		5918D4F21DE2A7CF0096A8D7 /* CGPoint.swift */ = {isa = PBXFileReference; fileEncoding = 4; lastKnownFileType = sourcecode.swift; path = CGPoint.swift; sourceTree = "<group>"; };
		5918D4F41DE42D510096A8D7 /* DynamicGameScene.swift */ = {isa = PBXFileReference; fileEncoding = 4; lastKnownFileType = sourcecode.swift; path = DynamicGameScene.swift; sourceTree = "<group>"; };
		594BDD4B1DE2612200A2CDDB /* ShapeIt.app */ = {isa = PBXFileReference; explicitFileType = wrapper.application; includeInIndex = 0; path = ShapeIt.app; sourceTree = BUILT_PRODUCTS_DIR; };
		594BDD4E1DE2612300A2CDDB /* AppDelegate.swift */ = {isa = PBXFileReference; lastKnownFileType = sourcecode.swift; path = AppDelegate.swift; sourceTree = "<group>"; };
		594BDD541DE2612300A2CDDB /* StaticGameScene.swift */ = {isa = PBXFileReference; lastKnownFileType = sourcecode.swift; path = StaticGameScene.swift; sourceTree = "<group>"; };
		594BDD561DE2612300A2CDDB /* GameViewController.swift */ = {isa = PBXFileReference; lastKnownFileType = sourcecode.swift; path = GameViewController.swift; sourceTree = "<group>"; };
		594BDD5B1DE2612400A2CDDB /* Assets.xcassets */ = {isa = PBXFileReference; lastKnownFileType = folder.assetcatalog; path = Assets.xcassets; sourceTree = "<group>"; };
		594BDD5E1DE2612400A2CDDB /* Base */ = {isa = PBXFileReference; lastKnownFileType = file.storyboard; name = Base; path = Base.lproj/LaunchScreen.storyboard; sourceTree = "<group>"; };
		594BDD601DE2612400A2CDDB /* Info.plist */ = {isa = PBXFileReference; lastKnownFileType = text.plist.xml; path = Info.plist; sourceTree = "<group>"; };
		594BDD6A1DE26B6D00A2CDDB /* StickNode.swift */ = {isa = PBXFileReference; fileEncoding = 4; lastKnownFileType = sourcecode.swift; path = StickNode.swift; sourceTree = "<group>"; };
		594BDD6C1DE26FDC00A2CDDB /* CGRect.swift */ = {isa = PBXFileReference; fileEncoding = 4; lastKnownFileType = sourcecode.swift; path = CGRect.swift; sourceTree = "<group>"; };
		594BDD6D1DE26FDC00A2CDDB /* CGSize.swift */ = {isa = PBXFileReference; fileEncoding = 4; lastKnownFileType = sourcecode.swift; path = CGSize.swift; sourceTree = "<group>"; };
		594BDD731DE2712C00A2CDDB /* Figure.swift */ = {isa = PBXFileReference; fileEncoding = 4; lastKnownFileType = sourcecode.swift; path = Figure.swift; sourceTree = "<group>"; };
		594BDD741DE2712C00A2CDDB /* GameMap.swift */ = {isa = PBXFileReference; fileEncoding = 4; lastKnownFileType = sourcecode.swift; path = GameMap.swift; sourceTree = "<group>"; };
		594BDD751DE2712C00A2CDDB /* Matrix.swift */ = {isa = PBXFileReference; fileEncoding = 4; lastKnownFileType = sourcecode.swift; path = Matrix.swift; sourceTree = "<group>"; };
		594BDD761DE2712D00A2CDDB /* Queue.swift */ = {isa = PBXFileReference; fileEncoding = 4; lastKnownFileType = sourcecode.swift; path = Queue.swift; sourceTree = "<group>"; };
		594BDD771DE2712D00A2CDDB /* Randomizer.swift */ = {isa = PBXFileReference; fileEncoding = 4; lastKnownFileType = sourcecode.swift; path = Randomizer.swift; sourceTree = "<group>"; };
		594BDD781DE2712D00A2CDDB /* Screen.swift */ = {isa = PBXFileReference; fileEncoding = 4; lastKnownFileType = sourcecode.swift; path = Screen.swift; sourceTree = "<group>"; };
		594BDD791DE2712D00A2CDDB /* Events.swift */ = {isa = PBXFileReference; fileEncoding = 4; lastKnownFileType = sourcecode.swift; path = Events.swift; sourceTree = "<group>"; };
		594BDD7A1DE2712D00A2CDDB /* SIMatrix.swift */ = {isa = PBXFileReference; fileEncoding = 4; lastKnownFileType = sourcecode.swift; path = SIMatrix.swift; sourceTree = "<group>"; };
		594BDD861DE2752600A2CDDB /* Style.swift */ = {isa = PBXFileReference; fileEncoding = 4; lastKnownFileType = sourcecode.swift; path = Style.swift; sourceTree = "<group>"; };
		594BDD8C1DE2771400A2CDDB /* FigureNode.swift */ = {isa = PBXFileReference; fileEncoding = 4; lastKnownFileType = sourcecode.swift; path = FigureNode.swift; sourceTree = "<group>"; };
		594BDD8E1DE278BB00A2CDDB /* Array.swift */ = {isa = PBXFileReference; fileEncoding = 4; lastKnownFileType = sourcecode.swift; path = Array.swift; sourceTree = "<group>"; };
		59C340A01DE5CAAE003C166F /* bubbleboddy Fat.ttf */ = {isa = PBXFileReference; lastKnownFileType = file; path = "bubbleboddy Fat.ttf"; sourceTree = "<group>"; };
		59C340A11DE5CAAE003C166F /* bubbleboddy light Light.ttf */ = {isa = PBXFileReference; lastKnownFileType = file; path = "bubbleboddy light Light.ttf"; sourceTree = "<group>"; };
/* End PBXFileReference section */

/* Begin PBXFrameworksBuildPhase section */
		594BDD481DE2612200A2CDDB /* Frameworks */ = {
			isa = PBXFrameworksBuildPhase;
			buildActionMask = 2147483647;
			files = (
			);
			runOnlyForDeploymentPostprocessing = 0;
		};
/* End PBXFrameworksBuildPhase section */

/* Begin PBXGroup section */
		594BDD421DE2612100A2CDDB = {
			isa = PBXGroup;
			children = (
				594BDD4D1DE2612300A2CDDB /* ShapeIt */,
				594BDD4C1DE2612200A2CDDB /* Products */,
			);
			sourceTree = "<group>";
		};
		594BDD4C1DE2612200A2CDDB /* Products */ = {
			isa = PBXGroup;
			children = (
				594BDD4B1DE2612200A2CDDB /* ShapeIt.app */,
			);
			name = Products;
			sourceTree = "<group>";
		};
		594BDD4D1DE2612300A2CDDB /* ShapeIt */ = {
			isa = PBXGroup;
			children = (
				594BDD561DE2612300A2CDDB /* GameViewController.swift */,
				594BDD541DE2612300A2CDDB /* StaticGameScene.swift */,
				5918D4F41DE42D510096A8D7 /* DynamicGameScene.swift */,
				594BDD841DE2713600A2CDDB /* Helper Classes */,
				59C340B31DE72E0A003C166F /* Event Handling */,
				594BDD881DE2756900A2CDDB /* Class Templates */,
				594BDD891DE2761800A2CDDB /* Custom UI */,
				594BDD691DE26B4D00A2CDDB /* Custom SK */,
				594BDD701DE26FE200A2CDDB /* Extensions */,
				594BDD681DE26AB700A2CDDB /* Support Files */,
				594BDD711DE26FFD00A2CDDB /* Assets */,
			);
			path = ShapeIt;
			sourceTree = "<group>";
		};
		594BDD681DE26AB700A2CDDB /* Support Files */ = {
			isa = PBXGroup;
			children = (
				594BDD4E1DE2612300A2CDDB /* AppDelegate.swift */,
				594BDD601DE2612400A2CDDB /* Info.plist */,
				594BDD5D1DE2612400A2CDDB /* LaunchScreen.storyboard */,
			);
			name = "Support Files";
			sourceTree = "<group>";
		};
		594BDD691DE26B4D00A2CDDB /* Custom SK */ = {
			isa = PBXGroup;
			children = (
				594BDD6A1DE26B6D00A2CDDB /* StickNode.swift */,
				594BDD8C1DE2771400A2CDDB /* FigureNode.swift */,
			);
			name = "Custom SK";
			sourceTree = "<group>";
		};
		594BDD701DE26FE200A2CDDB /* Extensions */ = {
			isa = PBXGroup;
			children = (
				594BDD8E1DE278BB00A2CDDB /* Array.swift */,
				594BDD6D1DE26FDC00A2CDDB /* CGSize.swift */,
				594BDD6C1DE26FDC00A2CDDB /* CGRect.swift */,
				5918D4F21DE2A7CF0096A8D7 /* CGPoint.swift */,
			);
			name = Extensions;
			sourceTree = "<group>";
		};
		594BDD711DE26FFD00A2CDDB /* Assets */ = {
			isa = PBXGroup;
			children = (
				594BDD5B1DE2612400A2CDDB /* Assets.xcassets */,
				59C340A01DE5CAAE003C166F /* bubbleboddy Fat.ttf */,
				59C340A11DE5CAAE003C166F /* bubbleboddy light Light.ttf */,
			);
			name = Assets;
			sourceTree = "<group>";
		};
		594BDD841DE2713600A2CDDB /* Helper Classes */ = {
			isa = PBXGroup;
			children = (
				594BDD741DE2712C00A2CDDB /* GameMap.swift */,
				594BDD7A1DE2712D00A2CDDB /* SIMatrix.swift */,
				594BDD781DE2712D00A2CDDB /* Screen.swift */,
				594BDD731DE2712C00A2CDDB /* Figure.swift */,
				594BDD861DE2752600A2CDDB /* Style.swift */,
				594BDD771DE2712D00A2CDDB /* Randomizer.swift */,
			);
			name = "Helper Classes";
			sourceTree = "<group>";
		};
		594BDD881DE2756900A2CDDB /* Class Templates */ = {
			isa = PBXGroup;
			children = (
				594BDD751DE2712C00A2CDDB /* Matrix.swift */,
				594BDD761DE2712D00A2CDDB /* Queue.swift */,
			);
			name = "Class Templates";
			sourceTree = "<group>";
		};
		594BDD891DE2761800A2CDDB /* Custom UI */ = {
			isa = PBXGroup;
			children = (
			);
			name = "Custom UI";
			sourceTree = "<group>";
		};
		59C340B31DE72E0A003C166F /* Event Handling */ = {
			isa = PBXGroup;
			children = (
				594BDD791DE2712D00A2CDDB /* Events.swift */,
			);
			name = "Event Handling";
			sourceTree = "<group>";
		};
/* End PBXGroup section */

/* Begin PBXNativeTarget section */
		594BDD4A1DE2612200A2CDDB /* ShapeIt */ = {
			isa = PBXNativeTarget;
			buildConfigurationList = 594BDD631DE2612400A2CDDB /* Build configuration list for PBXNativeTarget "ShapeIt" */;
			buildPhases = (
				594BDD471DE2612200A2CDDB /* Sources */,
				594BDD481DE2612200A2CDDB /* Frameworks */,
				594BDD491DE2612200A2CDDB /* Resources */,
			);
			buildRules = (
			);
			dependencies = (
			);
			name = ShapeIt;
			productName = ShapeIt;
			productReference = 594BDD4B1DE2612200A2CDDB /* ShapeIt.app */;
			productType = "com.apple.product-type.application";
		};
/* End PBXNativeTarget section */

/* Begin PBXProject section */
		594BDD431DE2612100A2CDDB /* Project object */ = {
			isa = PBXProject;
			attributes = {
				LastSwiftUpdateCheck = 0810;
				LastUpgradeCheck = 0810;
				ORGANIZATIONNAME = "Anthony Latsis";
				TargetAttributes = {
					594BDD4A1DE2612200A2CDDB = {
						CreatedOnToolsVersion = 8.1;
						DevelopmentTeam = A55978949T;
						ProvisioningStyle = Automatic;
					};
				};
			};
			buildConfigurationList = 594BDD461DE2612100A2CDDB /* Build configuration list for PBXProject "ShapeIt" */;
			compatibilityVersion = "Xcode 3.2";
			developmentRegion = English;
			hasScannedForEncodings = 0;
			knownRegions = (
				en,
				Base,
			);
			mainGroup = 594BDD421DE2612100A2CDDB;
			productRefGroup = 594BDD4C1DE2612200A2CDDB /* Products */;
			projectDirPath = "";
			projectRoot = "";
			targets = (
				594BDD4A1DE2612200A2CDDB /* ShapeIt */,
			);
		};
/* End PBXProject section */

/* Begin PBXResourcesBuildPhase section */
		594BDD491DE2612200A2CDDB /* Resources */ = {
			isa = PBXResourcesBuildPhase;
			buildActionMask = 2147483647;
			files = (
				594BDD5C1DE2612400A2CDDB /* Assets.xcassets in Resources */,
				59C340A31DE5CAAE003C166F /* bubbleboddy light Light.ttf in Resources */,
				59C340A21DE5CAAE003C166F /* bubbleboddy Fat.ttf in Resources */,
				594BDD5F1DE2612400A2CDDB /* LaunchScreen.storyboard in Resources */,
			);
			runOnlyForDeploymentPostprocessing = 0;
		};
/* End PBXResourcesBuildPhase section */

/* Begin PBXSourcesBuildPhase section */
		594BDD471DE2612200A2CDDB /* Sources */ = {
			isa = PBXSourcesBuildPhase;
			buildActionMask = 2147483647;
			files = (
				594BDD551DE2612300A2CDDB /* StaticGameScene.swift in Sources */,
				594BDD7D1DE2712D00A2CDDB /* GameMap.swift in Sources */,
				594BDD7C1DE2712D00A2CDDB /* Figure.swift in Sources */,
				594BDD811DE2712D00A2CDDB /* Screen.swift in Sources */,
				5918D4F51DE42D510096A8D7 /* DynamicGameScene.swift in Sources */,
				594BDD7F1DE2712D00A2CDDB /* Queue.swift in Sources */,
				594BDD831DE2712D00A2CDDB /* SIMatrix.swift in Sources */,
				594BDD571DE2612300A2CDDB /* GameViewController.swift in Sources */,
				5918D4F31DE2A7CF0096A8D7 /* CGPoint.swift in Sources */,
				594BDD871DE2752600A2CDDB /* Style.swift in Sources */,
				594BDD8F1DE278BB00A2CDDB /* Array.swift in Sources */,
				594BDD6E1DE26FDC00A2CDDB /* CGRect.swift in Sources */,
				594BDD6B1DE26B6D00A2CDDB /* StickNode.swift in Sources */,
				594BDD7E1DE2712D00A2CDDB /* Matrix.swift in Sources */,
				594BDD821DE2712D00A2CDDB /* Events.swift in Sources */,
				594BDD8D1DE2771400A2CDDB /* FigureNode.swift in Sources */,
				594BDD6F1DE26FDC00A2CDDB /* CGSize.swift in Sources */,
				594BDD801DE2712D00A2CDDB /* Randomizer.swift in Sources */,
				594BDD4F1DE2612300A2CDDB /* AppDelegate.swift in Sources */,
			);
			runOnlyForDeploymentPostprocessing = 0;
		};
/* End PBXSourcesBuildPhase section */

/* Begin PBXVariantGroup section */
		594BDD5D1DE2612400A2CDDB /* LaunchScreen.storyboard */ = {
			isa = PBXVariantGroup;
			children = (
				594BDD5E1DE2612400A2CDDB /* Base */,
			);
			name = LaunchScreen.storyboard;
			sourceTree = "<group>";
		};
/* End PBXVariantGroup section */

/* Begin XCBuildConfiguration section */
		594BDD611DE2612400A2CDDB /* Debug */ = {
			isa = XCBuildConfiguration;
			buildSettings = {
				ALWAYS_SEARCH_USER_PATHS = NO;
				CLANG_ANALYZER_NONNULL = YES;
				CLANG_CXX_LANGUAGE_STANDARD = "gnu++0x";
				CLANG_CXX_LIBRARY = "libc++";
				CLANG_ENABLE_MODULES = YES;
				CLANG_ENABLE_OBJC_ARC = YES;
				CLANG_WARN_BOOL_CONVERSION = YES;
				CLANG_WARN_CONSTANT_CONVERSION = YES;
				CLANG_WARN_DIRECT_OBJC_ISA_USAGE = YES_ERROR;
				CLANG_WARN_DOCUMENTATION_COMMENTS = YES;
				CLANG_WARN_EMPTY_BODY = YES;
				CLANG_WARN_ENUM_CONVERSION = YES;
				CLANG_WARN_INFINITE_RECURSION = YES;
				CLANG_WARN_INT_CONVERSION = YES;
				CLANG_WARN_OBJC_ROOT_CLASS = YES_ERROR;
				CLANG_WARN_SUSPICIOUS_MOVES = YES;
				CLANG_WARN_UNREACHABLE_CODE = YES;
				CLANG_WARN__DUPLICATE_METHOD_MATCH = YES;
				"CODE_SIGN_IDENTITY[sdk=iphoneos*]" = "iPhone Developer";
				COPY_PHASE_STRIP = NO;
				DEBUG_INFORMATION_FORMAT = dwarf;
				ENABLE_STRICT_OBJC_MSGSEND = YES;
				ENABLE_TESTABILITY = YES;
				GCC_C_LANGUAGE_STANDARD = gnu99;
				GCC_DYNAMIC_NO_PIC = NO;
				GCC_NO_COMMON_BLOCKS = YES;
				GCC_OPTIMIZATION_LEVEL = 0;
				GCC_PREPROCESSOR_DEFINITIONS = (
					"DEBUG=1",
					"$(inherited)",
				);
				GCC_WARN_64_TO_32_BIT_CONVERSION = YES;
				GCC_WARN_ABOUT_RETURN_TYPE = YES_ERROR;
				GCC_WARN_UNDECLARED_SELECTOR = YES;
				GCC_WARN_UNINITIALIZED_AUTOS = YES_AGGRESSIVE;
				GCC_WARN_UNUSED_FUNCTION = YES;
				GCC_WARN_UNUSED_VARIABLE = YES;
				IPHONEOS_DEPLOYMENT_TARGET = 10.1;
				MTL_ENABLE_DEBUG_INFO = YES;
				ONLY_ACTIVE_ARCH = YES;
				SDKROOT = iphoneos;
				SWIFT_ACTIVE_COMPILATION_CONDITIONS = DEBUG;
				SWIFT_OPTIMIZATION_LEVEL = "-Onone";
			};
			name = Debug;
		};
		594BDD621DE2612400A2CDDB /* Release */ = {
			isa = XCBuildConfiguration;
			buildSettings = {
				ALWAYS_SEARCH_USER_PATHS = NO;
				CLANG_ANALYZER_NONNULL = YES;
				CLANG_CXX_LANGUAGE_STANDARD = "gnu++0x";
				CLANG_CXX_LIBRARY = "libc++";
				CLANG_ENABLE_MODULES = YES;
				CLANG_ENABLE_OBJC_ARC = YES;
				CLANG_WARN_BOOL_CONVERSION = YES;
				CLANG_WARN_CONSTANT_CONVERSION = YES;
				CLANG_WARN_DIRECT_OBJC_ISA_USAGE = YES_ERROR;
				CLANG_WARN_DOCUMENTATION_COMMENTS = YES;
				CLANG_WARN_EMPTY_BODY = YES;
				CLANG_WARN_ENUM_CONVERSION = YES;
				CLANG_WARN_INFINITE_RECURSION = YES;
				CLANG_WARN_INT_CONVERSION = YES;
				CLANG_WARN_OBJC_ROOT_CLASS = YES_ERROR;
				CLANG_WARN_SUSPICIOUS_MOVES = YES;
				CLANG_WARN_UNREACHABLE_CODE = YES;
				CLANG_WARN__DUPLICATE_METHOD_MATCH = YES;
				"CODE_SIGN_IDENTITY[sdk=iphoneos*]" = "iPhone Developer";
				COPY_PHASE_STRIP = NO;
				DEBUG_INFORMATION_FORMAT = "dwarf-with-dsym";
				ENABLE_NS_ASSERTIONS = NO;
				ENABLE_STRICT_OBJC_MSGSEND = YES;
				GCC_C_LANGUAGE_STANDARD = gnu99;
				GCC_NO_COMMON_BLOCKS = YES;
				GCC_WARN_64_TO_32_BIT_CONVERSION = YES;
				GCC_WARN_ABOUT_RETURN_TYPE = YES_ERROR;
				GCC_WARN_UNDECLARED_SELECTOR = YES;
				GCC_WARN_UNINITIALIZED_AUTOS = YES_AGGRESSIVE;
				GCC_WARN_UNUSED_FUNCTION = YES;
				GCC_WARN_UNUSED_VARIABLE = YES;
				IPHONEOS_DEPLOYMENT_TARGET = 10.1;
				MTL_ENABLE_DEBUG_INFO = NO;
				SDKROOT = iphoneos;
				SWIFT_OPTIMIZATION_LEVEL = "-Owholemodule";
				VALIDATE_PRODUCT = YES;
			};
			name = Release;
		};
		594BDD641DE2612400A2CDDB /* Debug */ = {
			isa = XCBuildConfiguration;
			buildSettings = {
				ASSETCATALOG_COMPILER_APPICON_NAME = AppIcon;
				DEVELOPMENT_TEAM = A55978949T;
				INFOPLIST_FILE = ShapeIt/Info.plist;
				LD_RUNPATH_SEARCH_PATHS = "$(inherited) @executable_path/Frameworks";
				PRODUCT_BUNDLE_IDENTIFIER = none.ShapeIt;
				PRODUCT_NAME = "$(TARGET_NAME)";
				SWIFT_VERSION = 3.0;
			};
			name = Debug;
		};
		594BDD651DE2612400A2CDDB /* Release */ = {
			isa = XCBuildConfiguration;
			buildSettings = {
				ASSETCATALOG_COMPILER_APPICON_NAME = AppIcon;
				DEVELOPMENT_TEAM = A55978949T;
				INFOPLIST_FILE = ShapeIt/Info.plist;
				LD_RUNPATH_SEARCH_PATHS = "$(inherited) @executable_path/Frameworks";
				PRODUCT_BUNDLE_IDENTIFIER = none.ShapeIt;
				PRODUCT_NAME = "$(TARGET_NAME)";
				SWIFT_VERSION = 3.0;
			};
			name = Release;
		};
/* End XCBuildConfiguration section */

/* Begin XCConfigurationList section */
		594BDD461DE2612100A2CDDB /* Build configuration list for PBXProject "ShapeIt" */ = {
			isa = XCConfigurationList;
			buildConfigurations = (
				594BDD611DE2612400A2CDDB /* Debug */,
				594BDD621DE2612400A2CDDB /* Release */,
			);
			defaultConfigurationIsVisible = 0;
			defaultConfigurationName = Release;
		};
		594BDD631DE2612400A2CDDB /* Build configuration list for PBXNativeTarget "ShapeIt" */ = {
			isa = XCConfigurationList;
			buildConfigurations = (
				594BDD641DE2612400A2CDDB /* Debug */,
				594BDD651DE2612400A2CDDB /* Release */,
			);
			defaultConfigurationIsVisible = 0;
			defaultConfigurationName = Release;
		};
/* End XCConfigurationList section */
	};
	rootObject = 594BDD431DE2612100A2CDDB /* Project object */;
}
